
Microsoft Visual Studio Solution File, Format Version 11.00
# Visual C++ Express 2010
Project("{8BC9CEB8-8B4A-11D0-8D11-00A0C91BC942}") = "CL__K01_3", "CL__K01_3\CL__K01_3.vcxproj", "{EA69222F-D287-4A1B-A53D-CD9A1252EE44}"
EndProject
Global
	GlobalSection(SolutionConfigurationPlatforms) = preSolution
		Debug|Win32 = Debug|Win32
		Release|Win32 = Release|Win32
	EndGlobalSection
	GlobalSection(ProjectConfigurationPlatforms) = postSolution
		{EA69222F-D287-4A1B-A53D-CD9A1252EE44}.Debug|Win32.ActiveCfg = Debug|Win32
		{EA69222F-D287-4A1B-A53D-CD9A1252EE44}.Debug|Win32.Build.0 = Debug|Win32
		{EA69222F-D287-4A1B-A53D-CD9A1252EE44}.Release|Win32.ActiveCfg = Release|Win32
		{EA69222F-D287-4A1B-A53D-CD9A1252EE44}.Release|Win32.Build.0 = Release|Win32
	EndGlobalSection
	GlobalSection(SolutionProperties) = preSolution
		HideSolutionNode = FALSE
	EndGlobalSection
EndGlobal
